<?xml version="1.0" encoding="utf-8"?>
<Project ToolsVersion="4.0" xmlns="http://schemas.microsoft.com/developer/msbuild/2003">
  <ItemGroup>
    <Filter Include="Source Files">
      <UniqueIdentifier>{4FC737F1-C7A5-4376-A066-2A32D752A2FF}</UniqueIdentifier>
      <Extensions>cpp;c;cc;cxx;def;odl;idl;hpj;bat;asm;asmx</Extensions>
    </Filter>
    <Filter Include="Header Files">
      <UniqueIdentifier>{93995380-89BD-4b04-88EB-625FBE52EBFB}</UniqueIdentifier>
      <Extensions>h;hh;hpp;hxx;hm;inl;inc;ipp;xsd</Extensions>
    </Filter>
    <Filter Include="Resource Files">
      <UniqueIdentifier>{67DA6AB6-F800-4c08-8B7A-83BB121AAD01}</UniqueIdentifier>
      <Extensions>rc;ico;cur;bmp;dlg;rc2;rct;bin;rgs;gif;jpg;jpeg;jpe;resx;tiff;tif;png;wav;mfcribbon-ms</Extensions>
    </Filter>
  </ItemGroup>
  <ItemGroup>
    <ClInclude Include="MathLib\SignedDistanceFields\SignedDistanceFieldHelpers.h">
      <Filter>Header Files</Filter>
    </ClInclude>
    <ClInclude Include="stdafx.h">
      <Filter>Header Files</Filter>
    </ClInclude>
    <ClInclude Include="Math\Types\Ray3.h">
      <Filter>Header Files</Filter>
    </ClInclude>
    <ClInclude Include="Math\Types\Ray4.h">
      <Filter>Header Files</Filter>
    </ClInclude>
    <ClInclude Include="MathLib\Functions\Collision2.h">
      <Filter>Header Files</Filter>
    </ClInclude>
    <ClInclude Include="MathLib\Functions\Collision3.h">
      <Filter>Header Files</Filter>
    </ClInclude>
    <ClInclude Include="MathLib\Functions\Core.h">
      <Filter>Header Files</Filter>
    </ClInclude>
    <ClInclude Include="MathLib\SignedDistanceFields\SignedDistanceFieldAlterations.h">
      <Filter>Header Files</Filter>
    </ClInclude>
    <ClInclude Include="MathLib\SignedDistanceFields\SignedDistanceFieldBooleans.h">
      <Filter>Header Files</Filter>
    </ClInclude>
    <ClInclude Include="MathLib\SignedDistanceFields\SignedDistanceFieldPrimitives.h">
      <Filter>Header Files</Filter>
    </ClInclude>
    <ClInclude Include="MathLib\SignedDistanceFields\SignedDistanceFieldTransformations.h">
      <Filter>Header Files</Filter>
    </ClInclude>
    <ClInclude Include="MathLib\Types\Circle.h">
      <Filter>Header Files</Filter>
    </ClInclude>
    <ClInclude Include="MathLib\Types\Hypersphere.h">
      <Filter>Header Files</Filter>
    </ClInclude>
    <ClInclude Include="MathLib\Types\Ray.h">
      <Filter>Header Files</Filter>
    </ClInclude>
    <ClInclude Include="MathLib\Types\Sphere.h">
      <Filter>Header Files</Filter>
    </ClInclude>
    <ClInclude Include="MathLib\Types\Tetrahedron.h">
      <Filter>Header Files</Filter>
    </ClInclude>
    <ClInclude Include="MathLib\Types\Triangle.h">
      <Filter>Header Files</Filter>
    </ClInclude>
    <ClInclude Include="MathLib\Constants.h">
      <Filter>Header Files</Filter>
    </ClInclude>
    <ClInclude Include="MathLib\MathLib.h">
      <Filter>Header Files</Filter>
    </ClInclude>
    <ClInclude Include="Utility\CircularBuffer.h">
      <Filter>Header Files</Filter>
    </ClInclude>
    <ClInclude Include="Rendering\Application.h">
      <Filter>Header Files</Filter>
    </ClInclude>
    <ClInclude Include="Vendor\bitmap_image.hpp">
      <Filter>Header Files</Filter>
    </ClInclude>
    <ClInclude Include="Rendering\ShaderUtility.h">
      <Filter>Header Files</Filter>
    </ClInclude>
    <ClInclude Include="Vendor\imgui\imstb_truetype.h">
      <Filter>Header Files</Filter>
    </ClInclude>
    <ClInclude Include="Vendor\imgui\imconfig.h">
      <Filter>Header Files</Filter>
    </ClInclude>
    <ClInclude Include="Vendor\imgui\imgui.h">
      <Filter>Header Files</Filter>
    </ClInclude>
    <ClInclude Include="Vendor\imgui\imgui_impl_glfw.h">
      <Filter>Header Files</Filter>
    </ClInclude>
    <ClInclude Include="Vendor\imgui\imgui_impl_opengl3.h">
      <Filter>Header Files</Filter>
    </ClInclude>
    <ClInclude Include="Vendor\imgui\imgui_internal.h">
      <Filter>Header Files</Filter>
    </ClInclude>
    <ClInclude Include="Vendor\imgui\imstb_rectpack.h">
      <Filter>Header Files</Filter>
    </ClInclude>
    <ClInclude Include="Vendor\imgui\imstb_textedit.h">
      <Filter>Header Files</Filter>
    </ClInclude>
    <ClInclude Include="Options\OptionsManager.h">
      <Filter>Header Files</Filter>
    </ClInclude>
    <ClInclude Include="Rendering\Scenes\SceneTypes.h">
      <Filter>Header Files</Filter>
    </ClInclude>
    <ClInclude Include="MathLib\SignedDistanceFields\SignedDistanceFieldTypes.h">
      <Filter>Header Files</Filter>
    </ClInclude>
    <ClInclude Include="Macros.h">
      <Filter>Header Files</Filter>
    </ClInclude>
    <ClInclude Include="MathLib\Functions\Noise.h">
      <Filter>Header Files</Filter>
    </ClInclude>
    <ClInclude Include="MathLib\Functions\Matrices.h">
      <Filter>Header Files</Filter>
    </ClInclude>
    <ClInclude Include="MathLib\Functions\Rotors.h">
      <Filter>Header Files</Filter>
    </ClInclude>
    <ClInclude Include="Rendering\CUDATypes.h">
      <Filter>Header Files</Filter>
    </ClInclude>
    <ClInclude Include="Rendering\Camera.h">
      <Filter>Header Files</Filter>
    </ClInclude>
    <ClInclude Include="Rendering\Scenes\SDFFactory.h">
      <Filter>Header Files</Filter>
    </ClInclude>
    <ClInclude Include="MathLib\VectorTypes.h">
      <Filter>Header Files</Filter>
    </ClInclude>
    <ClInclude Include="Options\Configuration.h">
      <Filter>Header Files</Filter>
    </ClInclude>
    <ClInclude Include="Rendering\CUDAInterface.h">
      <Filter>Header Files</Filter>
    </ClInclude>
    <ClInclude Include="GraphicsIncludes.h">
      <Filter>Header Files</Filter>
    </ClInclude>
    <ClInclude Include="Rendering\Light.h">
      <Filter>Header Files</Filter>
    </ClInclude>
    <ClInclude Include="Marching\MarchingFunctions.h">
      <Filter>Header Files</Filter>
    </ClInclude>
    <ClInclude Include="Marching\MarchingTypes.h">
      <Filter>Header Files</Filter>
    </ClInclude>
    <ClInclude Include="Marching\VisualizationHelper.h">
      <Filter>Header Files</Filter>
    </ClInclude>
    <ClInclude Include="Experiments\Experiment.h">
      <Filter>Header Files</Filter>
    </ClInclude>
    <ClInclude Include="Experiments\ExperimentTypes.h">
      <Filter>Header Files</Filter>
    </ClInclude>
    <ClInclude Include="Experiments\ColorSchemes.h">
      <Filter>Header Files</Filter>
    </ClInclude>
    <ClInclude Include="Vendor\imgui\imgui_stdlib.h">
      <Filter>Header Files</Filter>
    </ClInclude>
    <ClInclude Include="Experiments\StudyManager.h">
      <Filter>Header Files</Filter>
    </ClInclude>
    <ClInclude Include="Rendering\QuiltTypes.h">
      <Filter>Header Files</Filter>
    </ClInclude>
  </ItemGroup>
  <ItemGroup>
    <ClCompile Include="stdafx.cpp">
      <Filter>Source Files</Filter>
    </ClCompile>
    <ClCompile Include="Aurora.cpp">
      <Filter>Source Files</Filter>
    </ClCompile>
    <ClCompile Include="Rendering\Application.cpp">
      <Filter>Source Files</Filter>
    </ClCompile>
    <ClCompile Include="Vendor\glad.c">
      <Filter>Source Files</Filter>
    </ClCompile>
    <ClCompile Include="Rendering\ShaderUtility.cpp">
      <Filter>Source Files</Filter>
    </ClCompile>
    <ClCompile Include="Vendor\imgui\imgui.cpp">
      <Filter>Source Files</Filter>
    </ClCompile>
    <ClCompile Include="Vendor\imgui\imgui_demo.cpp">
      <Filter>Source Files</Filter>
    </ClCompile>
    <ClCompile Include="Vendor\imgui\imgui_draw.cpp">
      <Filter>Source Files</Filter>
    </ClCompile>
    <ClCompile Include="Vendor\imgui\imgui_impl_glfw.cpp">
      <Filter>Source Files</Filter>
    </ClCompile>
    <ClCompile Include="Vendor\imgui\imgui_impl_opengl3.cpp">
      <Filter>Source Files</Filter>
    </ClCompile>
    <ClCompile Include="Vendor\imgui\imgui_widgets.cpp">
      <Filter>Source Files</Filter>
    </ClCompile>
    <ClCompile Include="Options\OptionsManager.cpp">
      <Filter>Source Files</Filter>
    </ClCompile>
    <ClCompile Include="MathLib\Functions\Rotors.cpp">
      <Filter>Source Files</Filter>
    </ClCompile>
    <ClCompile Include="Options\Configuration.cpp">
      <Filter>Source Files</Filter>
    </ClCompile>
    <ClCompile Include="Experiments\Experiment.cpp">
      <Filter>Source Files</Filter>
    </ClCompile>
    <ClCompile Include="Experiments\ExperimentTypes.cpp">
      <Filter>Source Files</Filter>
    </ClCompile>
    <ClCompile Include="Vendor\imgui\imgui_stdlib.cpp">
      <Filter>Source Files</Filter>
    </ClCompile>
    <ClCompile Include="Experiments\StudyManager.cpp">
      <Filter>Source Files</Filter>
    </ClCompile>
  </ItemGroup>
  <ItemGroup>
    <None Include="Shaders\SimpleTexture.vert" />
    <None Include="Shaders\SimpleTexture.frag" />
    <None Include="Shaders\HoloPlayBlit.frag" />
    <None Include="Shaders\HoloPlayBlit.vert" />
    <None Include="cpp.hint" />
  </ItemGroup>
  <ItemGroup>
    <CudaCompile Include="kernel.cu" />
    <CudaCompile Include="Rendering\Scenes\Scene.h">
      <Filter>Header Files</Filter>
    </CudaCompile>
    <CudaCompile Include="MathLib\SignedDistanceFields\SignedDistanceField.h">
      <Filter>Header Files</Filter>
    </CudaCompile>
    <CudaCompile Include="Rendering\Scenes\SceneHyperPlayground.h">
      <Filter>Header Files</Filter>
    </CudaCompile>
    <CudaCompile Include="Rendering\Scenes\SceneHyperPlayground.cu">
      <Filter>Source Files</Filter>
    </CudaCompile>
    <CudaCompile Include="Rendering\ApplicationCUDA.cu" />
    <CudaCompile Include="Experiments\ColorSchemes.cu">
      <Filter>Source Files</Filter>
    </CudaCompile>
  </ItemGroup>
  <ItemGroup>
    <Text Include="Todo.txt" />
  </ItemGroup>
</Project>